// !$*UTF8*$!
{
	archiveVersion = 1;
	classes = {
	};
	objectVersion = 46;
	objects = {

/* Begin PBXBuildFile section */
		8713DBB91B621BF4008BDEA3 /* AppDelegate.swift in Sources */ = {isa = PBXBuildFile; fileRef = 8713DBB81B621BF4008BDEA3 /* AppDelegate.swift */; };
		8713DBBB1B621BF4008BDEA3 /* FirstViewController.swift in Sources */ = {isa = PBXBuildFile; fileRef = 8713DBBA1B621BF4008BDEA3 /* FirstViewController.swift */; };
		8713DBBD1B621BF4008BDEA3 /* SecondViewController.swift in Sources */ = {isa = PBXBuildFile; fileRef = 8713DBBC1B621BF4008BDEA3 /* SecondViewController.swift */; };
		8713DBC01B621BF4008BDEA3 /* Main.storyboard in Resources */ = {isa = PBXBuildFile; fileRef = 8713DBBE1B621BF4008BDEA3 /* Main.storyboard */; };
		8713DBC21B621BF4008BDEA3 /* Images.xcassets in Resources */ = {isa = PBXBuildFile; fileRef = 8713DBC11B621BF4008BDEA3 /* Images.xcassets */; };
		8713DBC51B621BF4008BDEA3 /* LaunchScreen.xib in Resources */ = {isa = PBXBuildFile; fileRef = 8713DBC31B621BF4008BDEA3 /* LaunchScreen.xib */; };
		8713DBD11B621BF4008BDEA3 /* WBPoneTests.swift in Sources */ = {isa = PBXBuildFile; fileRef = 8713DBD01B621BF4008BDEA3 /* WBPoneTests.swift */; };
/* End PBXBuildFile section */

/* Begin PBXContainerItemProxy section */
		8713DBCB1B621BF4008BDEA3 /* PBXContainerItemProxy */ = {
			isa = PBXContainerItemProxy;
			containerPortal = 8713DBAB1B621BF4008BDEA3 /* Project object */;
			proxyType = 1;
			remoteGlobalIDString = 8713DBB21B621BF4008BDEA3;
			remoteInfo = WBPone;
		};
/* End PBXContainerItemProxy section */

/* Begin PBXFileReference section */
		8713DBB31B621BF4008BDEA3 /* WBPone.app */ = {isa = PBXFileReference; explicitFileType = wrapper.application; includeInIndex = 0; path = WBPone.app; sourceTree = BUILT_PRODUCTS_DIR; };
		8713DBB71B621BF4008BDEA3 /* Info.plist */ = {isa = PBXFileReference; lastKnownFileType = text.plist.xml; path = Info.plist; sourceTree = "<group>"; };
		8713DBB81B621BF4008BDEA3 /* AppDelegate.swift */ = {isa = PBXFileReference; lastKnownFileType = sourcecode.swift; path = AppDelegate.swift; sourceTree = "<group>"; };
		8713DBBA1B621BF4008BDEA3 /* FirstViewController.swift */ = {isa = PBXFileReference; lastKnownFileType = sourcecode.swift; path = FirstViewController.swift; sourceTree = "<group>"; };
		8713DBBC1B621BF4008BDEA3 /* SecondViewController.swift */ = {isa = PBXFileReference; lastKnownFileType = sourcecode.swift; path = SecondViewController.swift; sourceTree = "<group>"; };
		8713DBBF1B621BF4008BDEA3 /* Base */ = {isa = PBXFileReference; lastKnownFileType = file.storyboard; name = Base; path = Base.lproj/Main.storyboard; sourceTree = "<group>"; };
		8713DBC11B621BF4008BDEA3 /* Images.xcassets */ = {isa = PBXFileReference; lastKnownFileType = folder.assetcatalog; path = Images.xcassets; sourceTree = "<group>"; };
		8713DBC41B621BF4008BDEA3 /* Base */ = {isa = PBXFileReference; lastKnownFileType = file.xib; name = Base; path = Base.lproj/LaunchScreen.xib; sourceTree = "<group>"; };
		8713DBCA1B621BF4008BDEA3 /* WBPoneTests.xctest */ = {isa = PBXFileReference; explicitFileType = wrapper.cfbundle; includeInIndex = 0; path = WBPoneTests.xctest; sourceTree = BUILT_PRODUCTS_DIR; };
		8713DBCF1B621BF4008BDEA3 /* Info.plist */ = {isa = PBXFileReference; lastKnownFileType = text.plist.xml; path = Info.plist; sourceTree = "<group>"; };
		8713DBD01B621BF4008BDEA3 /* WBPoneTests.swift */ = {isa = PBXFileReference; lastKnownFileType = sourcecode.swift; path = WBPoneTests.swift; sourceTree = "<group>"; };
/* End PBXFileReference section */

/* Begin PBXFrameworksBuildPhase section */
		8713DBB01B621BF4008BDEA3 /* Frameworks */ = {
			isa = PBXFrameworksBuildPhase;
			buildActionMask = 2147483647;
			files = (
			);
			runOnlyForDeploymentPostprocessing = 0;
		};
		8713DBC71B621BF4008BDEA3 /* Frameworks */ = {
			isa = PBXFrameworksBuildPhase;
			buildActionMask = 2147483647;
			files = (
			);
			runOnlyForDeploymentPostprocessing = 0;
		};
/* End PBXFrameworksBuildPhase section */

/* Begin PBXGroup section */
		8713DBAA1B621BF4008BDEA3 = {
			isa = PBXGroup;
			children = (
				8713DBB51B621BF4008BDEA3 /* WBPone */,
				8713DBCD1B621BF4008BDEA3 /* WBPoneTests */,
				8713DBB41B621BF4008BDEA3 /* Products */,
			);
			sourceTree = "<group>";
		};
		8713DBB41B621BF4008BDEA3 /* Products */ = {
			isa = PBXGroup;
			children = (
				8713DBB31B621BF4008BDEA3 /* WBPone.app */,
				8713DBCA1B621BF4008BDEA3 /* WBPoneTests.xctest */,
			);
			name = Products;
			sourceTree = "<group>";
		};
		8713DBB51B621BF4008BDEA3 /* WBPone */ = {
			isa = PBXGroup;
			children = (
				8713DBB81B621BF4008BDEA3 /* AppDelegate.swift */,
				8713DBBA1B621BF4008BDEA3 /* FirstViewController.swift */,
				8713DBBC1B621BF4008BDEA3 /* SecondViewController.swift */,
				8713DBBE1B621BF4008BDEA3 /* Main.storyboard */,
				8713DBC11B621BF4008BDEA3 /* Images.xcassets */,
				8713DBC31B621BF4008BDEA3 /* LaunchScreen.xib */,
				8713DBB61B621BF4008BDEA3 /* Supporting Files */,
			);
			path = WBPone;
			sourceTree = "<group>";
		};
		8713DBB61B621BF4008BDEA3 /* Supporting Files */ = {
			isa = PBXGroup;
			children = (
				8713DBB71B621BF4008BDEA3 /* Info.plist */,
			);
			name = "Supporting Files";
			sourceTree = "<group>";
		};
		8713DBCD1B621BF4008BDEA3 /* WBPoneTests */ = {
			isa = PBXGroup;
			children = (
				8713DBD01B621BF4008BDEA3 /* WBPoneTests.swift */,
				8713DBCE1B621BF4008BDEA3 /* Supporting Files */,
			);
			path = WBPoneTests;
			sourceTree = "<group>";
		};
		8713DBCE1B621BF4008BDEA3 /* Supporting Files */ = {
			isa = PBXGroup;
			children = (
				8713DBCF1B621BF4008BDEA3 /* Info.plist */,
			);
			name = "Supporting Files";
			sourceTree = "<group>";
		};
/* End PBXGroup section */

/* Begin PBXNativeTarget section */
		8713DBB21B621BF4008BDEA3 /* WBPone */ = {
			isa = PBXNativeTarget;
			buildConfigurationList = 8713DBD41B621BF4008BDEA3 /* Build configuration list for PBXNativeTarget "WBPone" */;
			buildPhases = (
				8713DBAF1B621BF4008BDEA3 /* Sources */,
				8713DBB01B621BF4008BDEA3 /* Frameworks */,
				8713DBB11B621BF4008BDEA3 /* Resources */,
			);
			buildRules = (
			);
			dependencies = (
			);
			name = WBPone;
			productName = WBPone;
			productReference = 8713DBB31B621BF4008BDEA3 /* WBPone.app */;
			productType = "com.apple.product-type.application";
		};
		8713DBC91B621BF4008BDEA3 /* WBPoneTests */ = {
			isa = PBXNativeTarget;
			buildConfigurationList = 8713DBD71B621BF4008BDEA3 /* Build configuration list for PBXNativeTarget "WBPoneTests" */;
			buildPhases = (
				8713DBC61B621BF4008BDEA3 /* Sources */,
				8713DBC71B621BF4008BDEA3 /* Frameworks */,
				8713DBC81B621BF4008BDEA3 /* Resources */,
			);
			buildRules = (
			);
			dependencies = (
				8713DBCC1B621BF4008BDEA3 /* PBXTargetDependency */,
			);
			name = WBPoneTests;
			productName = WBPoneTests;
			productReference = 8713DBCA1B621BF4008BDEA3 /* WBPoneTests.xctest */;
			productType = "com.apple.product-type.bundle.unit-test";
		};
/* End PBXNativeTarget section */

/* Begin PBXProject section */
		8713DBAB1B621BF4008BDEA3 /* Project object */ = {
			isa = PBXProject;
			attributes = {
				LastUpgradeCheck = 0640;
				ORGANIZATIONNAME = Snow;
				TargetAttributes = {
					8713DBB21B621BF4008BDEA3 = {
						CreatedOnToolsVersion = 6.4;
					};
					8713DBC91B621BF4008BDEA3 = {
						CreatedOnToolsVersion = 6.4;
						TestTargetID = 8713DBB21B621BF4008BDEA3;
					};
				};
			};
			buildConfigurationList = 8713DBAE1B621BF4008BDEA3 /* Build configuration list for PBXProject "WBPone" */;
			compatibilityVersion = "Xcode 3.2";
			developmentRegion = English;
			hasScannedForEncodings = 0;
			knownRegions = (
				en,
				Base,
			);
			mainGroup = 8713DBAA1B621BF4008BDEA3;
			productRefGroup = 8713DBB41B621BF4008BDEA3 /* Products */;
			projectDirPath = "";
			projectRoot = "";
			targets = (
				8713DBB21B621BF4008BDEA3 /* WBPone */,
				8713DBC91B621BF4008BDEA3 /* WBPoneTests */,
			);
		};
/* End PBXProject section */

/* Begin PBXResourcesBuildPhase section */
		8713DBB11B621BF4008BDEA3 /* Resources */ = {
			isa = PBXResourcesBuildPhase;
			buildActionMask = 2147483647;
			files = (
				8713DBC01B621BF4008BDEA3 /* Main.storyboard in Resources */,
				8713DBC51B621BF4008BDEA3 /* LaunchScreen.xib in Resources */,
				8713DBC21B621BF4008BDEA3 /* Images.xcassets in Resources */,
			);
			runOnlyForDeploymentPostprocessing = 0;
		};
		8713DBC81B621BF4008BDEA3 /* Resources */ = {
			isa = PBXResourcesBuildPhase;
			buildActionMask = 2147483647;
			files = (
			);
			runOnlyForDeploymentPostprocessing = 0;
		};
/* End PBXResourcesBuildPhase section */

/* Begin PBXSourcesBuildPhase section */
		8713DBAF1B621BF4008BDEA3 /* Sources */ = {
			isa = PBXSourcesBuildPhase;
			buildActionMask = 2147483647;
			files = (
				8713DBBD1B621BF4008BDEA3 /* SecondViewController.swift in Sources */,
				8713DBB91B621BF4008BDEA3 /* AppDelegate.swift in Sources */,
				8713DBBB1B621BF4008BDEA3 /* FirstViewController.swift in Sources */,
			);
			runOnlyForDeploymentPostprocessing = 0;
		};
		8713DBC61B621BF4008BDEA3 /* Sources */ = {
			isa = PBXSourcesBuildPhase;
			buildActionMask = 2147483647;
			files = (
				8713DBD11B621BF4008BDEA3 /* WBPoneTests.swift in Sources */,
			);
			runOnlyForDeploymentPostprocessing = 0;
		};
/* End PBXSourcesBuildPhase section */

/* Begin PBXTargetDependency section */
		8713DBCC1B621BF4008BDEA3 /* PBXTargetDependency */ = {
			isa = PBXTargetDependency;
			target = 8713DBB21B621BF4008BDEA3 /* WBPone */;
			targetProxy = 8713DBCB1B621BF4008BDEA3 /* PBXContainerItemProxy */;
		};
/* End PBXTargetDependency section */

/* Begin PBXVariantGroup section */
		8713DBBE1B621BF4008BDEA3 /* Main.storyboard */ = {
			isa = PBXVariantGroup;
			children = (
				8713DBBF1B621BF4008BDEA3 /* Base */,
			);
			name = Main.storyboard;
			sourceTree = "<group>";
		};
		8713DBC31B621BF4008BDEA3 /* LaunchScreen.xib */ = {
			isa = PBXVariantGroup;
			children = (
				8713DBC41B621BF4008BDEA3 /* Base */,
			);
			name = LaunchScreen.xib;
			sourceTree = "<group>";
		};
/* End PBXVariantGroup section */

/* Begin XCBuildConfiguration section */
		8713DBD21B621BF4008BDEA3 /* Debug */ = {
			isa = XCBuildConfiguration;
			buildSettings = {
				ALWAYS_SEARCH_USER_PATHS = NO;
				CLANG_CXX_LANGUAGE_STANDARD = "gnu++0x";
				CLANG_CXX_LIBRARY = "libc++";
				CLANG_ENABLE_MODULES = YES;
				CLANG_ENABLE_OBJC_ARC = YES;
				CLANG_WARN_BOOL_CONVERSION = YES;
				CLANG_WARN_CONSTANT_CONVERSION = YES;
				CLANG_WARN_DIRECT_OBJC_ISA_USAGE = YES_ERROR;
				CLANG_WARN_EMPTY_BODY = YES;
				CLANG_WARN_ENUM_CONVERSION = YES;
				CLANG_WARN_INT_CONVERSION = YES;
				CLANG_WARN_OBJC_ROOT_CLASS = YES_ERROR;
				CLANG_WARN_UNREACHABLE_CODE = YES;
				CLANG_WARN__DUPLICATE_METHOD_MATCH = YES;
				"CODE_SIGN_IDENTITY[sdk=iphoneos*]" = "iPhone Developer";
				COPY_PHASE_STRIP = NO;
				DEBUG_INFORMATION_FORMAT = "dwarf-with-dsym";
				ENABLE_STRICT_OBJC_MSGSEND = YES;
				GCC_C_LANGUAGE_STANDARD = gnu99;
				GCC_DYNAMIC_NO_PIC = NO;
				GCC_NO_COMMON_BLOCKS = YES;
				GCC_OPTIMIZATION_LEVEL = 0;
				GCC_PREPROCESSOR_DEFINITIONS = (
					"DEBUG=1",
					"$(inherited)",
				);
				GCC_SYMBOLS_PRIVATE_EXTERN = NO;
				GCC_WARN_64_TO_32_BIT_CONVERSION = YES;
				GCC_WARN_ABOUT_RETURN_TYPE = YES_ERROR;
				GCC_WARN_UNDECLARED_SELECTOR = YES;
				GCC_WARN_UNINITIALIZED_AUTOS = YES_AGGRESSIVE;
				GCC_WARN_UNUSED_FUNCTION = YES;
				GCC_WARN_UNUSED_VARIABLE = YES;
				IPHONEOS_DEPLOYMENT_TARGET = 8.4;
				MTL_ENABLE_DEBUG_INFO = YES;
				ONLY_ACTIVE_ARCH = YES;
				SDKROOT = iphoneos;
				SWIFT_OPTIMIZATION_LEVEL = "-Onone";
				TARGETED_DEVICE_FAMILY = "1,2";
			};
			name = Debug;
		};
		8713DBD31B621BF4008BDEA3 /* Release */ = {
			isa = XCBuildConfiguration;
			buildSettings = {
				ALWAYS_SEARCH_USER_PATHS = NO;
				CLANG_CXX_LANGUAGE_STANDARD = "gnu++0x";
				CLANG_CXX_LIBRARY = "libc++";
				CLANG_ENABLE_MODULES = YES;
				CLANG_ENABLE_OBJC_ARC = YES;
				CLANG_WARN_BOOL_CONVERSION = YES;
				CLANG_WARN_CONSTANT_CONVERSION = YES;
				CLANG_WARN_DIRECT_OBJC_ISA_USAGE = YES_ERROR;
				CLANG_WARN_EMPTY_BODY = YES;
				CLANG_WARN_ENUM_CONVERSION = YES;
				CLANG_WARN_INT_CONVERSION = YES;
				CLANG_WARN_OBJC_ROOT_CLASS = YES_ERROR;
				CLANG_WARN_UNREACHABLE_CODE = YES;
				CLANG_WARN__DUPLICATE_METHOD_MATCH = YES;
				"CODE_SIGN_IDENTITY[sdk=iphoneos*]" = "iPhone Developer";
				COPY_PHASE_STRIP = NO;
				DEBUG_INFORMATION_FORMAT = "dwarf-with-dsym";
				ENABLE_NS_ASSERTIONS = NO;
				ENABLE_STRICT_OBJC_MSGSEND = YES;
				GCC_C_LANGUAGE_STANDARD = gnu99;
				GCC_NO_COMMON_BLOCKS = YES;
				GCC_WARN_64_TO_32_BIT_CONVERSION = YES;
				GCC_WARN_ABOUT_RETURN_TYPE = YES_ERROR;
				GCC_WARN_UNDECLARED_SELECTOR = YES;
				GCC_WARN_UNINITIALIZED_AUTOS = YES_AGGRESSIVE;
				GCC_WARN_UNUSED_FUNCTION = YES;
				GCC_WARN_UNUSED_VARIABLE = YES;
				IPHONEOS_DEPLOYMENT_TARGET = 8.4;
				MTL_ENABLE_DEBUG_INFO = NO;
				SDKROOT = iphoneos;
				TARGETED_DEVICE_FAMILY = "1,2";
				VALIDATE_PRODUCT = YES;
			};
			name = Release;
		};
		8713DBD51B621BF4008BDEA3 /* Debug */ = {
			isa = XCBuildConfiguration;
			buildSettings = {
				ASSETCATALOG_COMPILER_APPICON_NAME = AppIcon;
				INFOPLIST_FILE = WBPone/Info.plist;
				LD_RUNPATH_SEARCH_PATHS = "$(inherited) @executable_path/Frameworks";
				PRODUCT_NAME = "$(TARGET_NAME)";
			};
			name = Debug;
		};
		8713DBD61B621BF4008BDEA3 /* Release */ = {
			isa = XCBuildConfiguration;
			buildSettings = {
				ASSETCATALOG_COMPILER_APPICON_NAME = AppIcon;
				INFOPLIST_FILE = WBPone/Info.plist;
				LD_RUNPATH_SEARCH_PATHS = "$(inherited) @executable_path/Frameworks";
				PRODUCT_NAME = "$(TARGET_NAME)";
			};
			name = Release;
		};
		8713DBD81B621BF4008BDEA3 /* Debug */ = {
			isa = XCBuildConfiguration;
			buildSettings = {
				BUNDLE_LOADER = "$(TEST_HOST)";
				FRAMEWORK_SEARCH_PATHS = (
					"$(SDKROOT)/Developer/Library/Frameworks",
					"$(inherited)",
				);
				GCC_PREPROCESSOR_DEFINITIONS = (
					"DEBUG=1",
					"$(inherited)",
				);
				INFOPLIST_FILE = WBPoneTests/Info.plist;
				LD_RUNPATH_SEARCH_PATHS = "$(inherited) @executable_path/Frameworks @loader_path/Frameworks";
				PRODUCT_NAME = "$(TARGET_NAME)";
				TEST_HOST = "$(BUILT_PRODUCTS_DIR)/WBPone.app/WBPone";
			};
			name = Debug;
		};
		8713DBD91B621BF4008BDEA3 /* Release */ = {
			isa = XCBuildConfiguration;
			buildSettings = {
				BUNDLE_LOADER = "$(TEST_HOST)";
				FRAMEWORK_SEARCH_PATHS = (
					"$(SDKROOT)/Developer/Library/Frameworks",
					"$(inherited)",
				);
				INFOPLIST_FILE = WBPoneTests/Info.plist;
				LD_RUNPATH_SEARCH_PATHS = "$(inherited) @executable_path/Frameworks @loader_path/Frameworks";
				PRODUCT_NAME = "$(TARGET_NAME)";
				TEST_HOST = "$(BUILT_PRODUCTS_DIR)/WBPone.app/WBPone";
			};
			name = Release;
		};
/* End XCBuildConfiguration section */

/* Begin XCConfigurationList section */
		8713DBAE1B621BF4008BDEA3 /* Build configuration list for PBXProject "WBPone" */ = {
			isa = XCConfigurationList;
			buildConfigurations = (
				8713DBD21B621BF4008BDEA3 /* Debug */,
				8713DBD31B621BF4008BDEA3 /* Release */,
			);
			defaultConfigurationIsVisible = 0;
			defaultConfigurationName = Release;
		};
		8713DBD41B621BF4008BDEA3 /* Build configuration list for PBXNativeTarget "WBPone" */ = {
			isa = XCConfigurationList;
			buildConfigurations = (
				8713DBD51B621BF4008BDEA3 /* Debug */,
				8713DBD61B621BF4008BDEA3 /* Release */,
			);
			defaultConfigurationIsVisible = 0;
		};
		8713DBD71B621BF4008BDEA3 /* Build configuration list for PBXNativeTarget "WBPoneTests" */ = {
			isa = XCConfigurationList;
			buildConfigurations = (
				8713DBD81B621BF4008BDEA3 /* Debug */,
				8713DBD91B621BF4008BDEA3 /* Release */,
			);
			defaultConfigurationIsVisible = 0;
		};
/* End XCConfigurationList section */
	};
	rootObject = 8713DBAB1B621BF4008BDEA3 /* Project object */;
}
