// !$*UTF8*$!
{
	archiveVersion = 1;
	classes = {
	};
	objectVersion = 46;
	objects = {

/* Begin PBXBuildFile section */
		8713DB541B620D4D008BDEA3 /* MyViewController.swift in Sources */ = {isa = PBXBuildFile; fileRef = 8713DB531B620D4D008BDEA3 /* MyViewController.swift */; };
		8713DBA01B62172B008BDEA3 /* AudioToolbox.framework in Frameworks */ = {isa = PBXBuildFile; fileRef = 87BE57711B61DB0C00F13039 /* AudioToolbox.framework */; };
		8713DBA11B621740008BDEA3 /* CFNetwork.framework in Frameworks */ = {isa = PBXBuildFile; fileRef = 87BE57731B61DB1B00F13039 /* CFNetwork.framework */; };
		8713DBA21B621748008BDEA3 /* CoreGraphics.framework in Frameworks */ = {isa = PBXBuildFile; fileRef = 87BE57751B61DB2800F13039 /* CoreGraphics.framework */; };
		8713DBA31B621750008BDEA3 /* CoreLocation.framework in Frameworks */ = {isa = PBXBuildFile; fileRef = 87BE57771B61DB3000F13039 /* CoreLocation.framework */; };
		8713DBA41B621759008BDEA3 /* QuartzCore.framework in Frameworks */ = {isa = PBXBuildFile; fileRef = 87BE57791B61DB3A00F13039 /* QuartzCore.framework */; };
		8713DBA51B621763008BDEA3 /* Security.framework in Frameworks */ = {isa = PBXBuildFile; fileRef = 87BE577B1B61DB4300F13039 /* Security.framework */; };
		8713DBA61B62176B008BDEA3 /* StoreKit.framework in Frameworks */ = {isa = PBXBuildFile; fileRef = 87BE577D1B61DB4C00F13039 /* StoreKit.framework */; };
		8713DBA71B621776008BDEA3 /* SystemConfiguration.framework in Frameworks */ = {isa = PBXBuildFile; fileRef = 87BE577F1B61DB5700F13039 /* SystemConfiguration.framework */; };
		8713DBA81B62177F008BDEA3 /* libz.dylib in Frameworks */ = {isa = PBXBuildFile; fileRef = 87BE57811B61DB6300F13039 /* libz.dylib */; };
		8713DBA91B621788008BDEA3 /* libsqlite3.dylib in Frameworks */ = {isa = PBXBuildFile; fileRef = 87BE57831B61DB7200F13039 /* libsqlite3.dylib */; };
		877AA9641B622861006A017E /* DKCircleButton.m in Sources */ = {isa = PBXBuildFile; fileRef = 877AA9631B622861006A017E /* DKCircleButton.m */; };
		877AA96B1B623574006A017E /* CustomerInfo.swift in Sources */ = {isa = PBXBuildFile; fileRef = 877AA9671B623574006A017E /* CustomerInfo.swift */; };
		877AA96C1B623574006A017E /* DealInfo.swift in Sources */ = {isa = PBXBuildFile; fileRef = 877AA9681B623574006A017E /* DealInfo.swift */; };
		877AA96D1B623574006A017E /* GoodsInfo.swift in Sources */ = {isa = PBXBuildFile; fileRef = 877AA9691B623574006A017E /* GoodsInfo.swift */; };
		877AA96E1B623574006A017E /* UserInfo.swift in Sources */ = {isa = PBXBuildFile; fileRef = 877AA96A1B623574006A017E /* UserInfo.swift */; };
		877AA9701B6238AD006A017E /* InterestInfo.swift in Sources */ = {isa = PBXBuildFile; fileRef = 877AA96F1B6238AD006A017E /* InterestInfo.swift */; };
		877AA9751B6398A8006A017E /* DiandangViewController.swift in Sources */ = {isa = PBXBuildFile; fileRef = 877AA9741B6398A8006A017E /* DiandangViewController.swift */; };
		877AA9771B639BA7006A017E /* Constants.swift in Sources */ = {isa = PBXBuildFile; fileRef = 877AA9761B639BA7006A017E /* Constants.swift */; };
		877AA9801B63A128006A017E /* LabelTFView.swift in Sources */ = {isa = PBXBuildFile; fileRef = 877AA97F1B63A128006A017E /* LabelTFView.swift */; };
		877AA9821B63E1BD006A017E /* DealKeyValueView.swift in Sources */ = {isa = PBXBuildFile; fileRef = 877AA9811B63E1BD006A017E /* DealKeyValueView.swift */; };
		877AA9841B63E4BE006A017E /* TypeKeyValueView.swift in Sources */ = {isa = PBXBuildFile; fileRef = 877AA9831B63E4BE006A017E /* TypeKeyValueView.swift */; };
		877AA9951B63FAFD006A017E /* ZHPickView.m in Sources */ = {isa = PBXBuildFile; fileRef = 877AA9941B63FAFD006A017E /* ZHPickView.m */; };
		877AA9981B64C165006A017E /* LabelLabelView.swift in Sources */ = {isa = PBXBuildFile; fileRef = 877AA9971B64C165006A017E /* LabelLabelView.swift */; };
		877AA99A1B64D6E1006A017E /* LabelLabelBtnView.swift in Sources */ = {isa = PBXBuildFile; fileRef = 877AA9991B64D6E1006A017E /* LabelLabelBtnView.swift */; };
		877AA99E1B64DDAB006A017E /* AddMoneyViewController.swift in Sources */ = {isa = PBXBuildFile; fileRef = 877AA99D1B64DDAB006A017E /* AddMoneyViewController.swift */; };
		877AA9A01B6519AF006A017E /* Account.swift in Sources */ = {isa = PBXBuildFile; fileRef = 877AA99F1B6519AF006A017E /* Account.swift */; };
		877AA9A21B652AEA006A017E /* SearchDealIdViewController.swift in Sources */ = {isa = PBXBuildFile; fileRef = 877AA9A11B652AEA006A017E /* SearchDealIdViewController.swift */; };
		877AA9AB1B65C8BA006A017E /* SearchResultTableViewController.swift in Sources */ = {isa = PBXBuildFile; fileRef = 877AA9AA1B65C8BA006A017E /* SearchResultTableViewController.swift */; };
		877AA9AD1B65CB1D006A017E /* SearchResultTableViewCell.swift in Sources */ = {isa = PBXBuildFile; fileRef = 877AA9AC1B65CB1D006A017E /* SearchResultTableViewCell.swift */; };
		877AA9AF1B660549006A017E /* DealDetailViewController.swift in Sources */ = {isa = PBXBuildFile; fileRef = 877AA9AE1B660549006A017E /* DealDetailViewController.swift */; };
		877AA9B31B663246006A017E /* ShudangViewController.swift in Sources */ = {isa = PBXBuildFile; fileRef = 877AA9B21B663246006A017E /* ShudangViewController.swift */; };
		877AA9B51B663260006A017E /* XudangViewController.swift in Sources */ = {isa = PBXBuildFile; fileRef = 877AA9B41B663260006A017E /* XudangViewController.swift */; };
		877AA9B71B66327A006A017E /* JuedangViewController.swift in Sources */ = {isa = PBXBuildFile; fileRef = 877AA9B61B66327A006A017E /* JuedangViewController.swift */; };
		87BE57391B61D21700F13039 /* AppDelegate.swift in Sources */ = {isa = PBXBuildFile; fileRef = 87BE57381B61D21700F13039 /* AppDelegate.swift */; };
		87BE573B1B61D21700F13039 /* HomeViewController.swift in Sources */ = {isa = PBXBuildFile; fileRef = 87BE573A1B61D21700F13039 /* HomeViewController.swift */; };
		87BE573D1B61D21700F13039 /* SearchViewController.swift in Sources */ = {isa = PBXBuildFile; fileRef = 87BE573C1B61D21700F13039 /* SearchViewController.swift */; };
		87BE57401B61D21700F13039 /* Main.storyboard in Resources */ = {isa = PBXBuildFile; fileRef = 87BE573E1B61D21700F13039 /* Main.storyboard */; };
		87BE57421B61D21700F13039 /* Images.xcassets in Resources */ = {isa = PBXBuildFile; fileRef = 87BE57411B61D21700F13039 /* Images.xcassets */; };
		87BE57451B61D21700F13039 /* LaunchScreen.xib in Resources */ = {isa = PBXBuildFile; fileRef = 87BE57431B61D21700F13039 /* LaunchScreen.xib */; };
		87BE57511B61D21700F13039 /* WBPoneTests.swift in Sources */ = {isa = PBXBuildFile; fileRef = 87BE57501B61D21700F13039 /* WBPoneTests.swift */; };
		87BE575C1B61D41000F13039 /* LoginViewController.swift in Sources */ = {isa = PBXBuildFile; fileRef = 87BE575A1B61D41000F13039 /* LoginViewController.swift */; };
		87BE575D1B61D41000F13039 /* RegisterViewController.swift in Sources */ = {isa = PBXBuildFile; fileRef = 87BE575B1B61D41000F13039 /* RegisterViewController.swift */; };
		87BE576A1B61D91C00F13039 /* UIViewControllerExtension.swift in Sources */ = {isa = PBXBuildFile; fileRef = 87BE57691B61D91C00F13039 /* UIViewControllerExtension.swift */; };
		87BE576E1B61D9CF00F13039 /* Bolts.framework in Frameworks */ = {isa = PBXBuildFile; fileRef = 87BE576B1B61D9CF00F13039 /* Bolts.framework */; };
		87BE576F1B61D9CF00F13039 /* Parse.framework in Frameworks */ = {isa = PBXBuildFile; fileRef = 87BE576C1B61D9CF00F13039 /* Parse.framework */; };
		87BE57701B61D9CF00F13039 /* ParseUI.framework in Frameworks */ = {isa = PBXBuildFile; fileRef = 87BE576D1B61D9CF00F13039 /* ParseUI.framework */; };
/* End PBXBuildFile section */

/* Begin PBXContainerItemProxy section */
		87BE574B1B61D21700F13039 /* PBXContainerItemProxy */ = {
			isa = PBXContainerItemProxy;
			containerPortal = 87BE572B1B61D21700F13039 /* Project object */;
			proxyType = 1;
			remoteGlobalIDString = 87BE57321B61D21700F13039;
			remoteInfo = WBPone;
		};
/* End PBXContainerItemProxy section */

/* Begin PBXFileReference section */
		8713DB531B620D4D008BDEA3 /* MyViewController.swift */ = {isa = PBXFileReference; fileEncoding = 4; lastKnownFileType = sourcecode.swift; path = MyViewController.swift; sourceTree = "<group>"; };
		877AA9621B622861006A017E /* DKCircleButton.h */ = {isa = PBXFileReference; fileEncoding = 4; lastKnownFileType = sourcecode.c.h; path = DKCircleButton.h; sourceTree = "<group>"; };
		877AA9631B622861006A017E /* DKCircleButton.m */ = {isa = PBXFileReference; fileEncoding = 4; lastKnownFileType = sourcecode.c.objc; path = DKCircleButton.m; sourceTree = "<group>"; };
		877AA9671B623574006A017E /* CustomerInfo.swift */ = {isa = PBXFileReference; fileEncoding = 4; lastKnownFileType = sourcecode.swift; path = CustomerInfo.swift; sourceTree = "<group>"; };
		877AA9681B623574006A017E /* DealInfo.swift */ = {isa = PBXFileReference; fileEncoding = 4; lastKnownFileType = sourcecode.swift; path = DealInfo.swift; sourceTree = "<group>"; };
		877AA9691B623574006A017E /* GoodsInfo.swift */ = {isa = PBXFileReference; fileEncoding = 4; lastKnownFileType = sourcecode.swift; path = GoodsInfo.swift; sourceTree = "<group>"; };
		877AA96A1B623574006A017E /* UserInfo.swift */ = {isa = PBXFileReference; fileEncoding = 4; lastKnownFileType = sourcecode.swift; path = UserInfo.swift; sourceTree = "<group>"; };
		877AA96F1B6238AD006A017E /* InterestInfo.swift */ = {isa = PBXFileReference; fileEncoding = 4; lastKnownFileType = sourcecode.swift; path = InterestInfo.swift; sourceTree = "<group>"; };
		877AA9741B6398A8006A017E /* DiandangViewController.swift */ = {isa = PBXFileReference; fileEncoding = 4; lastKnownFileType = sourcecode.swift; path = DiandangViewController.swift; sourceTree = "<group>"; };
		877AA9761B639BA7006A017E /* Constants.swift */ = {isa = PBXFileReference; fileEncoding = 4; lastKnownFileType = sourcecode.swift; path = Constants.swift; sourceTree = "<group>"; };
		877AA97F1B63A128006A017E /* LabelTFView.swift */ = {isa = PBXFileReference; fileEncoding = 4; lastKnownFileType = sourcecode.swift; path = LabelTFView.swift; sourceTree = "<group>"; };
		877AA9811B63E1BD006A017E /* DealKeyValueView.swift */ = {isa = PBXFileReference; fileEncoding = 4; lastKnownFileType = sourcecode.swift; path = DealKeyValueView.swift; sourceTree = "<group>"; };
		877AA9831B63E4BE006A017E /* TypeKeyValueView.swift */ = {isa = PBXFileReference; fileEncoding = 4; lastKnownFileType = sourcecode.swift; path = TypeKeyValueView.swift; sourceTree = "<group>"; };
		877AA9931B63FAFD006A017E /* ZHPickView.h */ = {isa = PBXFileReference; fileEncoding = 4; lastKnownFileType = sourcecode.c.h; name = ZHPickView.h; path = DKCircleButton/ZHPickView.h; sourceTree = "<group>"; };
		877AA9941B63FAFD006A017E /* ZHPickView.m */ = {isa = PBXFileReference; fileEncoding = 4; lastKnownFileType = sourcecode.c.objc; name = ZHPickView.m; path = DKCircleButton/ZHPickView.m; sourceTree = "<group>"; };
		877AA9971B64C165006A017E /* LabelLabelView.swift */ = {isa = PBXFileReference; fileEncoding = 4; lastKnownFileType = sourcecode.swift; path = LabelLabelView.swift; sourceTree = "<group>"; };
		877AA9991B64D6E1006A017E /* LabelLabelBtnView.swift */ = {isa = PBXFileReference; fileEncoding = 4; lastKnownFileType = sourcecode.swift; path = LabelLabelBtnView.swift; sourceTree = "<group>"; };
		877AA99D1B64DDAB006A017E /* AddMoneyViewController.swift */ = {isa = PBXFileReference; fileEncoding = 4; lastKnownFileType = sourcecode.swift; name = AddMoneyViewController.swift; path = ../AddMoneyViewController.swift; sourceTree = "<group>"; };
		877AA99F1B6519AF006A017E /* Account.swift */ = {isa = PBXFileReference; fileEncoding = 4; lastKnownFileType = sourcecode.swift; path = Account.swift; sourceTree = "<group>"; };
		877AA9A11B652AEA006A017E /* SearchDealIdViewController.swift */ = {isa = PBXFileReference; fileEncoding = 4; lastKnownFileType = sourcecode.swift; path = SearchDealIdViewController.swift; sourceTree = "<group>"; };
		877AA9AA1B65C8BA006A017E /* SearchResultTableViewController.swift */ = {isa = PBXFileReference; fileEncoding = 4; lastKnownFileType = sourcecode.swift; path = SearchResultTableViewController.swift; sourceTree = "<group>"; };
		877AA9AC1B65CB1D006A017E /* SearchResultTableViewCell.swift */ = {isa = PBXFileReference; fileEncoding = 4; lastKnownFileType = sourcecode.swift; path = SearchResultTableViewCell.swift; sourceTree = "<group>"; };
		877AA9AE1B660549006A017E /* DealDetailViewController.swift */ = {isa = PBXFileReference; fileEncoding = 4; lastKnownFileType = sourcecode.swift; path = DealDetailViewController.swift; sourceTree = "<group>"; };
		877AA9B21B663246006A017E /* ShudangViewController.swift */ = {isa = PBXFileReference; fileEncoding = 4; lastKnownFileType = sourcecode.swift; path = ShudangViewController.swift; sourceTree = "<group>"; };
		877AA9B41B663260006A017E /* XudangViewController.swift */ = {isa = PBXFileReference; fileEncoding = 4; lastKnownFileType = sourcecode.swift; path = XudangViewController.swift; sourceTree = "<group>"; };
		877AA9B61B66327A006A017E /* JuedangViewController.swift */ = {isa = PBXFileReference; fileEncoding = 4; lastKnownFileType = sourcecode.swift; path = JuedangViewController.swift; sourceTree = "<group>"; };
		87BE57331B61D21700F13039 /* WBPone.app */ = {isa = PBXFileReference; explicitFileType = wrapper.application; includeInIndex = 0; path = WBPone.app; sourceTree = BUILT_PRODUCTS_DIR; };
		87BE57371B61D21700F13039 /* Info.plist */ = {isa = PBXFileReference; lastKnownFileType = text.plist.xml; path = Info.plist; sourceTree = "<group>"; };
		87BE57381B61D21700F13039 /* AppDelegate.swift */ = {isa = PBXFileReference; lastKnownFileType = sourcecode.swift; path = AppDelegate.swift; sourceTree = "<group>"; };
		87BE573A1B61D21700F13039 /* HomeViewController.swift */ = {isa = PBXFileReference; lastKnownFileType = sourcecode.swift; path = HomeViewController.swift; sourceTree = "<group>"; };
		87BE573C1B61D21700F13039 /* SearchViewController.swift */ = {isa = PBXFileReference; lastKnownFileType = sourcecode.swift; path = SearchViewController.swift; sourceTree = "<group>"; };
		87BE573F1B61D21700F13039 /* Base */ = {isa = PBXFileReference; lastKnownFileType = file.storyboard; name = Base; path = Base.lproj/Main.storyboard; sourceTree = "<group>"; };
		87BE57411B61D21700F13039 /* Images.xcassets */ = {isa = PBXFileReference; lastKnownFileType = folder.assetcatalog; path = Images.xcassets; sourceTree = "<group>"; };
		87BE57441B61D21700F13039 /* Base */ = {isa = PBXFileReference; lastKnownFileType = file.xib; name = Base; path = Base.lproj/LaunchScreen.xib; sourceTree = "<group>"; };
		87BE574A1B61D21700F13039 /* WBPoneTests.xctest */ = {isa = PBXFileReference; explicitFileType = wrapper.cfbundle; includeInIndex = 0; path = WBPoneTests.xctest; sourceTree = BUILT_PRODUCTS_DIR; };
		87BE574F1B61D21700F13039 /* Info.plist */ = {isa = PBXFileReference; lastKnownFileType = text.plist.xml; path = Info.plist; sourceTree = "<group>"; };
		87BE57501B61D21700F13039 /* WBPoneTests.swift */ = {isa = PBXFileReference; lastKnownFileType = sourcecode.swift; path = WBPoneTests.swift; sourceTree = "<group>"; };
		87BE575A1B61D41000F13039 /* LoginViewController.swift */ = {isa = PBXFileReference; fileEncoding = 4; lastKnownFileType = sourcecode.swift; path = LoginViewController.swift; sourceTree = "<group>"; };
		87BE575B1B61D41000F13039 /* RegisterViewController.swift */ = {isa = PBXFileReference; fileEncoding = 4; lastKnownFileType = sourcecode.swift; path = RegisterViewController.swift; sourceTree = "<group>"; };
		87BE57641B61D86D00F13039 /* WBPone-Bridging-Header.h */ = {isa = PBXFileReference; lastKnownFileType = sourcecode.c.h; path = "WBPone-Bridging-Header.h"; sourceTree = "<group>"; };
		87BE57691B61D91C00F13039 /* UIViewControllerExtension.swift */ = {isa = PBXFileReference; fileEncoding = 4; lastKnownFileType = sourcecode.swift; path = UIViewControllerExtension.swift; sourceTree = "<group>"; };
		87BE576B1B61D9CF00F13039 /* Bolts.framework */ = {isa = PBXFileReference; lastKnownFileType = wrapper.framework; path = Bolts.framework; sourceTree = "<group>"; };
		87BE576C1B61D9CF00F13039 /* Parse.framework */ = {isa = PBXFileReference; lastKnownFileType = wrapper.framework; path = Parse.framework; sourceTree = "<group>"; };
		87BE576D1B61D9CF00F13039 /* ParseUI.framework */ = {isa = PBXFileReference; lastKnownFileType = wrapper.framework; path = ParseUI.framework; sourceTree = "<group>"; };
		87BE57711B61DB0C00F13039 /* AudioToolbox.framework */ = {isa = PBXFileReference; lastKnownFileType = wrapper.framework; name = AudioToolbox.framework; path = System/Library/Frameworks/AudioToolbox.framework; sourceTree = SDKROOT; };
		87BE57731B61DB1B00F13039 /* CFNetwork.framework */ = {isa = PBXFileReference; lastKnownFileType = wrapper.framework; name = CFNetwork.framework; path = System/Library/Frameworks/CFNetwork.framework; sourceTree = SDKROOT; };
		87BE57751B61DB2800F13039 /* CoreGraphics.framework */ = {isa = PBXFileReference; lastKnownFileType = wrapper.framework; name = CoreGraphics.framework; path = System/Library/Frameworks/CoreGraphics.framework; sourceTree = SDKROOT; };
		87BE57771B61DB3000F13039 /* CoreLocation.framework */ = {isa = PBXFileReference; lastKnownFileType = wrapper.framework; name = CoreLocation.framework; path = System/Library/Frameworks/CoreLocation.framework; sourceTree = SDKROOT; };
		87BE57791B61DB3A00F13039 /* QuartzCore.framework */ = {isa = PBXFileReference; lastKnownFileType = wrapper.framework; name = QuartzCore.framework; path = System/Library/Frameworks/QuartzCore.framework; sourceTree = SDKROOT; };
		87BE577B1B61DB4300F13039 /* Security.framework */ = {isa = PBXFileReference; lastKnownFileType = wrapper.framework; name = Security.framework; path = System/Library/Frameworks/Security.framework; sourceTree = SDKROOT; };
		87BE577D1B61DB4C00F13039 /* StoreKit.framework */ = {isa = PBXFileReference; lastKnownFileType = wrapper.framework; name = StoreKit.framework; path = System/Library/Frameworks/StoreKit.framework; sourceTree = SDKROOT; };
		87BE577F1B61DB5700F13039 /* SystemConfiguration.framework */ = {isa = PBXFileReference; lastKnownFileType = wrapper.framework; name = SystemConfiguration.framework; path = System/Library/Frameworks/SystemConfiguration.framework; sourceTree = SDKROOT; };
		87BE57811B61DB6300F13039 /* libz.dylib */ = {isa = PBXFileReference; lastKnownFileType = "compiled.mach-o.dylib"; name = libz.dylib; path = usr/lib/libz.dylib; sourceTree = SDKROOT; };
		87BE57831B61DB7200F13039 /* libsqlite3.dylib */ = {isa = PBXFileReference; lastKnownFileType = "compiled.mach-o.dylib"; name = libsqlite3.dylib; path = usr/lib/libsqlite3.dylib; sourceTree = SDKROOT; };
/* End PBXFileReference section */

/* Begin PBXFrameworksBuildPhase section */
		87BE57301B61D21700F13039 /* Frameworks */ = {
			isa = PBXFrameworksBuildPhase;
			buildActionMask = 2147483647;
			files = (
				8713DBA91B621788008BDEA3 /* libsqlite3.dylib in Frameworks */,
				8713DBA81B62177F008BDEA3 /* libz.dylib in Frameworks */,
				8713DBA71B621776008BDEA3 /* SystemConfiguration.framework in Frameworks */,
				8713DBA61B62176B008BDEA3 /* StoreKit.framework in Frameworks */,
				8713DBA51B621763008BDEA3 /* Security.framework in Frameworks */,
				8713DBA41B621759008BDEA3 /* QuartzCore.framework in Frameworks */,
				8713DBA31B621750008BDEA3 /* CoreLocation.framework in Frameworks */,
				8713DBA21B621748008BDEA3 /* CoreGraphics.framework in Frameworks */,
				8713DBA11B621740008BDEA3 /* CFNetwork.framework in Frameworks */,
				8713DBA01B62172B008BDEA3 /* AudioToolbox.framework in Frameworks */,
				87BE57701B61D9CF00F13039 /* ParseUI.framework in Frameworks */,
				87BE576F1B61D9CF00F13039 /* Parse.framework in Frameworks */,
				87BE576E1B61D9CF00F13039 /* Bolts.framework in Frameworks */,
			);
			runOnlyForDeploymentPostprocessing = 0;
		};
		87BE57471B61D21700F13039 /* Frameworks */ = {
			isa = PBXFrameworksBuildPhase;
			buildActionMask = 2147483647;
			files = (
			);
			runOnlyForDeploymentPostprocessing = 0;
		};
/* End PBXFrameworksBuildPhase section */

/* Begin PBXGroup section */
		877AA9611B622861006A017E /* DKCircleButton */ = {
			isa = PBXGroup;
			children = (
				877AA9621B622861006A017E /* DKCircleButton.h */,
				877AA9631B622861006A017E /* DKCircleButton.m */,
			);
			path = DKCircleButton;
			sourceTree = "<group>";
		};
		877AA9651B623537006A017E /* Controller */ = {
			isa = PBXGroup;
			children = (
				87BE57681B61D8BB00F13039 /* Login/Register */,
				877AA9711B63984E006A017E /* HomePage */,
				877AA9721B639867006A017E /* SearchPage */,
				877AA9731B639874006A017E /* MyPage */,
				87BE57691B61D91C00F13039 /* UIViewControllerExtension.swift */,
			);
			name = Controller;
			sourceTree = "<group>";
		};
		877AA9661B62354C006A017E /* Model */ = {
			isa = PBXGroup;
			children = (
				877AA9671B623574006A017E /* CustomerInfo.swift */,
				877AA9691B623574006A017E /* GoodsInfo.swift */,
				877AA9681B623574006A017E /* DealInfo.swift */,
				877AA96A1B623574006A017E /* UserInfo.swift */,
				877AA99F1B6519AF006A017E /* Account.swift */,
				877AA96F1B6238AD006A017E /* InterestInfo.swift */,
			);
			name = Model;
			sourceTree = "<group>";
		};
		877AA9711B63984E006A017E /* HomePage */ = {
			isa = PBXGroup;
			children = (
				87BE573A1B61D21700F13039 /* HomeViewController.swift */,
				877AA9741B6398A8006A017E /* DiandangViewController.swift */,
				877AA9B21B663246006A017E /* ShudangViewController.swift */,
				877AA9B41B663260006A017E /* XudangViewController.swift */,
				877AA9B61B66327A006A017E /* JuedangViewController.swift */,
			);
			name = HomePage;
			sourceTree = "<group>";
		};
		877AA9721B639867006A017E /* SearchPage */ = {
			isa = PBXGroup;
			children = (
				87BE573C1B61D21700F13039 /* SearchViewController.swift */,
				877AA9A11B652AEA006A017E /* SearchDealIdViewController.swift */,
				877AA9AA1B65C8BA006A017E /* SearchResultTableViewController.swift */,
				877AA9AE1B660549006A017E /* DealDetailViewController.swift */,
			);
			name = SearchPage;
			sourceTree = "<group>";
		};
		877AA9731B639874006A017E /* MyPage */ = {
			isa = PBXGroup;
			children = (
				8713DB531B620D4D008BDEA3 /* MyViewController.swift */,
				877AA99D1B64DDAB006A017E /* AddMoneyViewController.swift */,
			);
			name = MyPage;
			sourceTree = "<group>";
		};
		877AA9961B640769006A017E /* ZHPickView */ = {
			isa = PBXGroup;
			children = (
				877AA9931B63FAFD006A017E /* ZHPickView.h */,
				877AA9941B63FAFD006A017E /* ZHPickView.m */,
			);
			name = ZHPickView;
			sourceTree = "<group>";
		};
		877AA9A31B652B2D006A017E /* View */ = {
			isa = PBXGroup;
			children = (
				877AA97F1B63A128006A017E /* LabelTFView.swift */,
				877AA9811B63E1BD006A017E /* DealKeyValueView.swift */,
				877AA9831B63E4BE006A017E /* TypeKeyValueView.swift */,
				877AA9971B64C165006A017E /* LabelLabelView.swift */,
				877AA9991B64D6E1006A017E /* LabelLabelBtnView.swift */,
				877AA9AC1B65CB1D006A017E /* SearchResultTableViewCell.swift */,
			);
			name = View;
			sourceTree = "<group>";
		};
		87BE572A1B61D21700F13039 = {
			isa = PBXGroup;
			children = (
				87BE57351B61D21700F13039 /* WBPone */,
				87BE574D1B61D21700F13039 /* WBPoneTests */,
				87BE57341B61D21700F13039 /* Products */,
				87BE57671B61D89B00F13039 /* Frameworks */,
			);
			sourceTree = "<group>";
		};
		87BE57341B61D21700F13039 /* Products */ = {
			isa = PBXGroup;
			children = (
				87BE57331B61D21700F13039 /* WBPone.app */,
				87BE574A1B61D21700F13039 /* WBPoneTests.xctest */,
			);
			name = Products;
			sourceTree = "<group>";
		};
		87BE57351B61D21700F13039 /* WBPone */ = {
			isa = PBXGroup;
			children = (
				877AA9961B640769006A017E /* ZHPickView */,
				877AA9611B622861006A017E /* DKCircleButton */,
				87BE57381B61D21700F13039 /* AppDelegate.swift */,
				87BE573E1B61D21700F13039 /* Main.storyboard */,
				877AA9761B639BA7006A017E /* Constants.swift */,
				877AA9661B62354C006A017E /* Model */,
				877AA9651B623537006A017E /* Controller */,
				877AA9A31B652B2D006A017E /* View */,
				87BE57361B61D21700F13039 /* Supporting Files */,
			);
			path = WBPone;
			sourceTree = "<group>";
		};
		87BE57361B61D21700F13039 /* Supporting Files */ = {
			isa = PBXGroup;
			children = (
				87BE57411B61D21700F13039 /* Images.xcassets */,
				87BE57431B61D21700F13039 /* LaunchScreen.xib */,
				87BE57641B61D86D00F13039 /* WBPone-Bridging-Header.h */,
				87BE57371B61D21700F13039 /* Info.plist */,
			);
			name = "Supporting Files";
			sourceTree = "<group>";
		};
		87BE574D1B61D21700F13039 /* WBPoneTests */ = {
			isa = PBXGroup;
			children = (
				87BE57501B61D21700F13039 /* WBPoneTests.swift */,
				87BE574E1B61D21700F13039 /* Supporting Files */,
			);
			path = WBPoneTests;
			sourceTree = "<group>";
		};
		87BE574E1B61D21700F13039 /* Supporting Files */ = {
			isa = PBXGroup;
			children = (
				87BE574F1B61D21700F13039 /* Info.plist */,
			);
			name = "Supporting Files";
			sourceTree = "<group>";
		};
		87BE57671B61D89B00F13039 /* Frameworks */ = {
			isa = PBXGroup;
			children = (
				87BE576B1B61D9CF00F13039 /* Bolts.framework */,
				87BE576C1B61D9CF00F13039 /* Parse.framework */,
				87BE576D1B61D9CF00F13039 /* ParseUI.framework */,
				87BE57831B61DB7200F13039 /* libsqlite3.dylib */,
				87BE57811B61DB6300F13039 /* libz.dylib */,
				87BE577F1B61DB5700F13039 /* SystemConfiguration.framework */,
				87BE577D1B61DB4C00F13039 /* StoreKit.framework */,
				87BE577B1B61DB4300F13039 /* Security.framework */,
				87BE57791B61DB3A00F13039 /* QuartzCore.framework */,
				87BE57771B61DB3000F13039 /* CoreLocation.framework */,
				87BE57751B61DB2800F13039 /* CoreGraphics.framework */,
				87BE57731B61DB1B00F13039 /* CFNetwork.framework */,
				87BE57711B61DB0C00F13039 /* AudioToolbox.framework */,
			);
			name = Frameworks;
			path = WBPone;
			sourceTree = "<group>";
		};
		87BE57681B61D8BB00F13039 /* Login/Register */ = {
			isa = PBXGroup;
			children = (
				87BE575A1B61D41000F13039 /* LoginViewController.swift */,
				87BE575B1B61D41000F13039 /* RegisterViewController.swift */,
			);
			name = Login/Register;
			sourceTree = "<group>";
		};
/* End PBXGroup section */

/* Begin PBXNativeTarget section */
		87BE57321B61D21700F13039 /* WBPone */ = {
			isa = PBXNativeTarget;
			buildConfigurationList = 87BE57541B61D21700F13039 /* Build configuration list for PBXNativeTarget "WBPone" */;
			buildPhases = (
				87BE572F1B61D21700F13039 /* Sources */,
				87BE57301B61D21700F13039 /* Frameworks */,
				87BE57311B61D21700F13039 /* Resources */,
			);
			buildRules = (
			);
			dependencies = (
			);
			name = WBPone;
			productName = WBPone;
			productReference = 87BE57331B61D21700F13039 /* WBPone.app */;
			productType = "com.apple.product-type.application";
		};
		87BE57491B61D21700F13039 /* WBPoneTests */ = {
			isa = PBXNativeTarget;
			buildConfigurationList = 87BE57571B61D21700F13039 /* Build configuration list for PBXNativeTarget "WBPoneTests" */;
			buildPhases = (
				87BE57461B61D21700F13039 /* Sources */,
				87BE57471B61D21700F13039 /* Frameworks */,
				87BE57481B61D21700F13039 /* Resources */,
			);
			buildRules = (
			);
			dependencies = (
				87BE574C1B61D21700F13039 /* PBXTargetDependency */,
			);
			name = WBPoneTests;
			productName = WBPoneTests;
			productReference = 87BE574A1B61D21700F13039 /* WBPoneTests.xctest */;
			productType = "com.apple.product-type.bundle.unit-test";
		};
/* End PBXNativeTarget section */

/* Begin PBXProject section */
		87BE572B1B61D21700F13039 /* Project object */ = {
			isa = PBXProject;
			attributes = {
				LastUpgradeCheck = 0640;
				ORGANIZATIONNAME = Snow;
				TargetAttributes = {
					87BE57321B61D21700F13039 = {
						CreatedOnToolsVersion = 6.4;
					};
					87BE57491B61D21700F13039 = {
						CreatedOnToolsVersion = 6.4;
						TestTargetID = 87BE57321B61D21700F13039;
					};
				};
			};
			buildConfigurationList = 87BE572E1B61D21700F13039 /* Build configuration list for PBXProject "WBPone" */;
			compatibilityVersion = "Xcode 3.2";
			developmentRegion = English;
			hasScannedForEncodings = 0;
			knownRegions = (
				en,
				Base,
			);
			mainGroup = 87BE572A1B61D21700F13039;
			productRefGroup = 87BE57341B61D21700F13039 /* Products */;
			projectDirPath = "";
			projectRoot = "";
			targets = (
				87BE57321B61D21700F13039 /* WBPone */,
				87BE57491B61D21700F13039 /* WBPoneTests */,
			);
		};
/* End PBXProject section */

/* Begin PBXResourcesBuildPhase section */
		87BE57311B61D21700F13039 /* Resources */ = {
			isa = PBXResourcesBuildPhase;
			buildActionMask = 2147483647;
			files = (
				87BE57401B61D21700F13039 /* Main.storyboard in Resources */,
				87BE57451B61D21700F13039 /* LaunchScreen.xib in Resources */,
				87BE57421B61D21700F13039 /* Images.xcassets in Resources */,
			);
			runOnlyForDeploymentPostprocessing = 0;
		};
		87BE57481B61D21700F13039 /* Resources */ = {
			isa = PBXResourcesBuildPhase;
			buildActionMask = 2147483647;
			files = (
			);
			runOnlyForDeploymentPostprocessing = 0;
		};
/* End PBXResourcesBuildPhase section */

/* Begin PBXSourcesBuildPhase section */
		87BE572F1B61D21700F13039 /* Sources */ = {
			isa = PBXSourcesBuildPhase;
			buildActionMask = 2147483647;
			files = (
				877AA9801B63A128006A017E /* LabelTFView.swift in Sources */,
				877AA9641B622861006A017E /* DKCircleButton.m in Sources */,
				877AA96B1B623574006A017E /* CustomerInfo.swift in Sources */,
				87BE575C1B61D41000F13039 /* LoginViewController.swift in Sources */,
				87BE575D1B61D41000F13039 /* RegisterViewController.swift in Sources */,
				877AA99E1B64DDAB006A017E /* AddMoneyViewController.swift in Sources */,
				877AA9A21B652AEA006A017E /* SearchDealIdViewController.swift in Sources */,
				877AA96E1B623574006A017E /* UserInfo.swift in Sources */,
				877AA9B51B663260006A017E /* XudangViewController.swift in Sources */,
				877AA9771B639BA7006A017E /* Constants.swift in Sources */,
				877AA9A01B6519AF006A017E /* Account.swift in Sources */,
				877AA96D1B623574006A017E /* GoodsInfo.swift in Sources */,
				87BE576A1B61D91C00F13039 /* UIViewControllerExtension.swift in Sources */,
				8713DB541B620D4D008BDEA3 /* MyViewController.swift in Sources */,
				877AA9951B63FAFD006A017E /* ZHPickView.m in Sources */,
				877AA99A1B64D6E1006A017E /* LabelLabelBtnView.swift in Sources */,
				87BE573D1B61D21700F13039 /* SearchViewController.swift in Sources */,
				877AA9701B6238AD006A017E /* InterestInfo.swift in Sources */,
				87BE57391B61D21700F13039 /* AppDelegate.swift in Sources */,
				877AA9981B64C165006A017E /* LabelLabelView.swift in Sources */,
				877AA9AB1B65C8BA006A017E /* SearchResultTableViewController.swift in Sources */,
				877AA9821B63E1BD006A017E /* DealKeyValueView.swift in Sources */,
				87BE573B1B61D21700F13039 /* HomeViewController.swift in Sources */,
				877AA9AF1B660549006A017E /* DealDetailViewController.swift in Sources */,
				877AA9B31B663246006A017E /* ShudangViewController.swift in Sources */,
				877AA9B71B66327A006A017E /* JuedangViewController.swift in Sources */,
				877AA9841B63E4BE006A017E /* TypeKeyValueView.swift in Sources */,
				877AA9751B6398A8006A017E /* DiandangViewController.swift in Sources */,
				877AA9AD1B65CB1D006A017E /* SearchResultTableViewCell.swift in Sources */,
				877AA96C1B623574006A017E /* DealInfo.swift in Sources */,
			);
			runOnlyForDeploymentPostprocessing = 0;
		};
		87BE57461B61D21700F13039 /* Sources */ = {
			isa = PBXSourcesBuildPhase;
			buildActionMask = 2147483647;
			files = (
				87BE57511B61D21700F13039 /* WBPoneTests.swift in Sources */,
			);
			runOnlyForDeploymentPostprocessing = 0;
		};
/* End PBXSourcesBuildPhase section */

/* Begin PBXTargetDependency section */
		87BE574C1B61D21700F13039 /* PBXTargetDependency */ = {
			isa = PBXTargetDependency;
			target = 87BE57321B61D21700F13039 /* WBPone */;
			targetProxy = 87BE574B1B61D21700F13039 /* PBXContainerItemProxy */;
		};
/* End PBXTargetDependency section */

/* Begin PBXVariantGroup section */
		87BE573E1B61D21700F13039 /* Main.storyboard */ = {
			isa = PBXVariantGroup;
			children = (
				87BE573F1B61D21700F13039 /* Base */,
			);
			name = Main.storyboard;
			sourceTree = "<group>";
		};
		87BE57431B61D21700F13039 /* LaunchScreen.xib */ = {
			isa = PBXVariantGroup;
			children = (
				87BE57441B61D21700F13039 /* Base */,
			);
			name = LaunchScreen.xib;
			sourceTree = "<group>";
		};
/* End PBXVariantGroup section */

/* Begin XCBuildConfiguration section */
		87BE57521B61D21700F13039 /* Debug */ = {
			isa = XCBuildConfiguration;
			buildSettings = {
				ALWAYS_SEARCH_USER_PATHS = NO;
				CLANG_CXX_LANGUAGE_STANDARD = "gnu++0x";
				CLANG_CXX_LIBRARY = "libc++";
				CLANG_ENABLE_MODULES = YES;
				CLANG_ENABLE_OBJC_ARC = YES;
				CLANG_WARN_BOOL_CONVERSION = YES;
				CLANG_WARN_CONSTANT_CONVERSION = YES;
				CLANG_WARN_DIRECT_OBJC_ISA_USAGE = YES_ERROR;
				CLANG_WARN_EMPTY_BODY = YES;
				CLANG_WARN_ENUM_CONVERSION = YES;
				CLANG_WARN_INT_CONVERSION = YES;
				CLANG_WARN_OBJC_ROOT_CLASS = YES_ERROR;
				CLANG_WARN_UNREACHABLE_CODE = YES;
				CLANG_WARN__DUPLICATE_METHOD_MATCH = YES;
				"CODE_SIGN_IDENTITY[sdk=iphoneos*]" = "iPhone Developer";
				COPY_PHASE_STRIP = NO;
				DEBUG_INFORMATION_FORMAT = "dwarf-with-dsym";
				ENABLE_STRICT_OBJC_MSGSEND = YES;
				GCC_C_LANGUAGE_STANDARD = gnu99;
				GCC_DYNAMIC_NO_PIC = NO;
				GCC_NO_COMMON_BLOCKS = YES;
				GCC_OPTIMIZATION_LEVEL = 0;
				GCC_PREPROCESSOR_DEFINITIONS = (
					"DEBUG=1",
					"$(inherited)",
				);
				GCC_SYMBOLS_PRIVATE_EXTERN = NO;
				GCC_WARN_64_TO_32_BIT_CONVERSION = YES;
				GCC_WARN_ABOUT_RETURN_TYPE = YES_ERROR;
				GCC_WARN_UNDECLARED_SELECTOR = YES;
				GCC_WARN_UNINITIALIZED_AUTOS = YES_AGGRESSIVE;
				GCC_WARN_UNUSED_FUNCTION = YES;
				GCC_WARN_UNUSED_VARIABLE = YES;
				IPHONEOS_DEPLOYMENT_TARGET = 8.4;
				MTL_ENABLE_DEBUG_INFO = YES;
				ONLY_ACTIVE_ARCH = YES;
				SDKROOT = iphoneos;
				SWIFT_OPTIMIZATION_LEVEL = "-Onone";
				TARGETED_DEVICE_FAMILY = "1,2";
			};
			name = Debug;
		};
		87BE57531B61D21700F13039 /* Release */ = {
			isa = XCBuildConfiguration;
			buildSettings = {
				ALWAYS_SEARCH_USER_PATHS = NO;
				CLANG_CXX_LANGUAGE_STANDARD = "gnu++0x";
				CLANG_CXX_LIBRARY = "libc++";
				CLANG_ENABLE_MODULES = YES;
				CLANG_ENABLE_OBJC_ARC = YES;
				CLANG_WARN_BOOL_CONVERSION = YES;
				CLANG_WARN_CONSTANT_CONVERSION = YES;
				CLANG_WARN_DIRECT_OBJC_ISA_USAGE = YES_ERROR;
				CLANG_WARN_EMPTY_BODY = YES;
				CLANG_WARN_ENUM_CONVERSION = YES;
				CLANG_WARN_INT_CONVERSION = YES;
				CLANG_WARN_OBJC_ROOT_CLASS = YES_ERROR;
				CLANG_WARN_UNREACHABLE_CODE = YES;
				CLANG_WARN__DUPLICATE_METHOD_MATCH = YES;
				"CODE_SIGN_IDENTITY[sdk=iphoneos*]" = "iPhone Developer";
				COPY_PHASE_STRIP = NO;
				DEBUG_INFORMATION_FORMAT = "dwarf-with-dsym";
				ENABLE_NS_ASSERTIONS = NO;
				ENABLE_STRICT_OBJC_MSGSEND = YES;
				GCC_C_LANGUAGE_STANDARD = gnu99;
				GCC_NO_COMMON_BLOCKS = YES;
				GCC_WARN_64_TO_32_BIT_CONVERSION = YES;
				GCC_WARN_ABOUT_RETURN_TYPE = YES_ERROR;
				GCC_WARN_UNDECLARED_SELECTOR = YES;
				GCC_WARN_UNINITIALIZED_AUTOS = YES_AGGRESSIVE;
				GCC_WARN_UNUSED_FUNCTION = YES;
				GCC_WARN_UNUSED_VARIABLE = YES;
				IPHONEOS_DEPLOYMENT_TARGET = 8.4;
				MTL_ENABLE_DEBUG_INFO = NO;
				SDKROOT = iphoneos;
				TARGETED_DEVICE_FAMILY = "1,2";
				VALIDATE_PRODUCT = YES;
			};
			name = Release;
		};
		87BE57551B61D21700F13039 /* Debug */ = {
			isa = XCBuildConfiguration;
			buildSettings = {
				ASSETCATALOG_COMPILER_APPICON_NAME = AppIcon;
				CLANG_ENABLE_MODULES = YES;
				FRAMEWORK_SEARCH_PATHS = (
					"$(inherited)",
					"$(PROJECT_DIR)/WBPone",
				);
				INFOPLIST_FILE = WBPone/Info.plist;
				IPHONEOS_DEPLOYMENT_TARGET = 8.0;
				LD_RUNPATH_SEARCH_PATHS = "$(inherited) @executable_path/Frameworks";
				ONLY_ACTIVE_ARCH = YES;
				PRODUCT_NAME = "$(TARGET_NAME)";
				SWIFT_OBJC_BRIDGING_HEADER = "WBPone/WBPone-Bridging-Header.h";
				SWIFT_OPTIMIZATION_LEVEL = "-Onone";
				VALID_ARCHS = "armv7 armv7s arm64";
			};
			name = Debug;
		};
		87BE57561B61D21700F13039 /* Release */ = {
			isa = XCBuildConfiguration;
			buildSettings = {
				ASSETCATALOG_COMPILER_APPICON_NAME = AppIcon;
				CLANG_ENABLE_MODULES = YES;
				FRAMEWORK_SEARCH_PATHS = (
					"$(inherited)",
					"$(PROJECT_DIR)/WBPone",
				);
				INFOPLIST_FILE = WBPone/Info.plist;
				IPHONEOS_DEPLOYMENT_TARGET = 8.0;
				LD_RUNPATH_SEARCH_PATHS = "$(inherited) @executable_path/Frameworks";
				ONLY_ACTIVE_ARCH = YES;
				PRODUCT_NAME = "$(TARGET_NAME)";
				SWIFT_OBJC_BRIDGING_HEADER = "WBPone/WBPone-Bridging-Header.h";
				VALID_ARCHS = "armv7 armv7s arm64";
			};
			name = Release;
		};
		87BE57581B61D21700F13039 /* Debug */ = {
			isa = XCBuildConfiguration;
			buildSettings = {
				BUNDLE_LOADER = "$(TEST_HOST)";
				FRAMEWORK_SEARCH_PATHS = (
					"$(SDKROOT)/Developer/Library/Frameworks",
					"$(inherited)",
				);
				GCC_PREPROCESSOR_DEFINITIONS = (
					"DEBUG=1",
					"$(inherited)",
				);
				INFOPLIST_FILE = WBPoneTests/Info.plist;
				LD_RUNPATH_SEARCH_PATHS = "$(inherited) @executable_path/Frameworks @loader_path/Frameworks";
				PRODUCT_NAME = "$(TARGET_NAME)";
				TEST_HOST = "$(BUILT_PRODUCTS_DIR)/WBPone.app/WBPone";
			};
			name = Debug;
		};
		87BE57591B61D21700F13039 /* Release */ = {
			isa = XCBuildConfiguration;
			buildSettings = {
				BUNDLE_LOADER = "$(TEST_HOST)";
				FRAMEWORK_SEARCH_PATHS = (
					"$(SDKROOT)/Developer/Library/Frameworks",
					"$(inherited)",
				);
				INFOPLIST_FILE = WBPoneTests/Info.plist;
				LD_RUNPATH_SEARCH_PATHS = "$(inherited) @executable_path/Frameworks @loader_path/Frameworks";
				PRODUCT_NAME = "$(TARGET_NAME)";
				TEST_HOST = "$(BUILT_PRODUCTS_DIR)/WBPone.app/WBPone";
			};
			name = Release;
		};
/* End XCBuildConfiguration section */

/* Begin XCConfigurationList section */
		87BE572E1B61D21700F13039 /* Build configuration list for PBXProject "WBPone" */ = {
			isa = XCConfigurationList;
			buildConfigurations = (
				87BE57521B61D21700F13039 /* Debug */,
				87BE57531B61D21700F13039 /* Release */,
			);
			defaultConfigurationIsVisible = 0;
			defaultConfigurationName = Release;
		};
		87BE57541B61D21700F13039 /* Build configuration list for PBXNativeTarget "WBPone" */ = {
			isa = XCConfigurationList;
			buildConfigurations = (
				87BE57551B61D21700F13039 /* Debug */,
				87BE57561B61D21700F13039 /* Release */,
			);
			defaultConfigurationIsVisible = 0;
			defaultConfigurationName = Release;
		};
		87BE57571B61D21700F13039 /* Build configuration list for PBXNativeTarget "WBPoneTests" */ = {
			isa = XCConfigurationList;
			buildConfigurations = (
				87BE57581B61D21700F13039 /* Debug */,
				87BE57591B61D21700F13039 /* Release */,
			);
			defaultConfigurationIsVisible = 0;
			defaultConfigurationName = Release;
		};
/* End XCConfigurationList section */
	};
	rootObject = 87BE572B1B61D21700F13039 /* Project object */;
}
